
Microsoft Visual Studio Solution File, Format Version 12.00
# Visual Studio 2012
Project("{8BC9CEB8-8B4A-11D0-8D11-00A0C91BC942}") = "1st", "1st.vcxproj", "{5D6CCEF8-4494-4BDE-A6BD-4E6AA0BBAFAA}"
EndProject
Global
	GlobalSection(SolutionConfigurationPlatforms) = preSolution
		Debug|Win32 = Debug|Win32
		Release|Win32 = Release|Win32
	EndGlobalSection
	GlobalSection(ProjectConfigurationPlatforms) = postSolution
		{5D6CCEF8-4494-4BDE-A6BD-4E6AA0BBAFAA}.Debug|Win32.ActiveCfg = Debug|Win32
		{5D6CCEF8-4494-4BDE-A6BD-4E6AA0BBAFAA}.Debug|Win32.Build.0 = Debug|Win32
		{5D6CCEF8-4494-4BDE-A6BD-4E6AA0BBAFAA}.Release|Win32.ActiveCfg = Release|Win32
		{5D6CCEF8-4494-4BDE-A6BD-4E6AA0BBAFAA}.Release|Win32.Build.0 = Release|Win32
	EndGlobalSection
	GlobalSection(SolutionProperties) = preSolution
		HideSolutionNode = FALSE
	EndGlobalSection
EndGlobal
